# THIS IS AN AUTOGENERATED FILE. DO NOT EDIT THIS FILE DIRECTLY.
# yarn lockfile v1


"@babel/runtime@^7.21.0":
  version "7.25.7"
  resolved "https://registry.npmjs.org/@babel/runtime/-/runtime-7.25.7.tgz"
  integrity sha512-FjoyLe754PMiYsFaN5C94ttGiOmBNYTf6pLr4xXHAT5uctHb092PBszndLDR5XA/jghQvn4n7JMHl7dmTgbm9w==
  dependencies:
    regenerator-runtime "^0.14.0"

"@emotion/is-prop-valid@1.2.2":
  version "1.2.2"
  resolved "https://registry.npmjs.org/@emotion/is-prop-valid/-/is-prop-valid-1.2.2.tgz"
  integrity sha512-uNsoYd37AFmaCdXlg6EYD1KaPOaRWRByMCYzbKUX4+hhMfrxdVSelShywL4JVaAeM/eHUOSprYBQls+/neX3pw==
  dependencies:
    "@emotion/memoize" "^0.8.1"

"@emotion/memoize@^0.8.1":
  version "0.8.1"
  resolved "https://registry.npmjs.org/@emotion/memoize/-/memoize-0.8.1.tgz"
  integrity sha512-W2P2c/VRW1/1tLox0mVUalvnWXxavmv/Oum2aPsRcoDJuob75FC3Y8FbpfLwUegRcxINtGUMPq0tFCvYNTBXNA==

"@emotion/unitless@0.8.1":
  version "0.8.1"
  resolved "https://registry.npmjs.org/@emotion/unitless/-/unitless-0.8.1.tgz"
  integrity sha512-KOEGMu6dmJZtpadb476IsZBclKvILjopjUii3V+7MnXIQCYh8W3NgNcgwo21n9LXZX6EDIKvqfjYxXebDwxKmQ==

"@next/env@12.1.0":
  version "12.1.0"
  resolved "https://registry.npmjs.org/@next/env/-/env-12.1.0.tgz"
  integrity sha512-nrIgY6t17FQ9xxwH3jj0a6EOiQ/WDHUos35Hghtr+SWN/ntHIQ7UpuvSi0vaLzZVHQWaDupKI+liO5vANcDeTQ==

"@next/swc-win32-x64-msvc@12.1.0":
  version "12.1.0"
  resolved "https://registry.npmjs.org/@next/swc-win32-x64-msvc/-/swc-win32-x64-msvc-12.1.0.tgz"
  integrity sha512-aBvcbMwuanDH4EMrL2TthNJy+4nP59Bimn8egqv6GHMVj0a44cU6Au4PjOhLNqEh9l+IpRGBqMTzec94UdC5xg==

"@polka/url@^1.0.0-next.24":
  version "1.0.0-next.28"
  resolved "https://registry.npmjs.org/@polka/url/-/url-1.0.0-next.28.tgz"
  integrity sha512-8LduaNlMZGwdZ6qWrKlfa+2M4gahzFkprZiAt2TF8uS0qQgBizKXpXURqvTJ4WtmupWxaLqjRb2UCTe72mu+Aw==

"@sendgrid/client@^8.1.3":
  version "8.1.3"
  resolved "https://registry.npmjs.org/@sendgrid/client/-/client-8.1.3.tgz"
  integrity sha512-mRwTticRZIdUTsnyzvlK6dMu3jni9ci9J+dW/6fMMFpGRAJdCJlivFVYQvqk8kRS3RnFzS7sf6BSmhLl1ldDhA==
  dependencies:
    "@sendgrid/helpers" "^8.0.0"
    axios "^1.6.8"

"@sendgrid/helpers@^8.0.0":
  version "8.0.0"
  resolved "https://registry.npmjs.org/@sendgrid/helpers/-/helpers-8.0.0.tgz"
  integrity sha512-Ze7WuW2Xzy5GT5WRx+yEv89fsg/pgy3T1E3FS0QEx0/VvRmigMZ5qyVGhJz4SxomegDkzXv/i0aFPpHKN8qdAA==
  dependencies:
    deepmerge "^4.2.2"

"@sendgrid/mail@^8.1.3":
  version "8.1.3"
  resolved "https://registry.npmjs.org/@sendgrid/mail/-/mail-8.1.3.tgz"
  integrity sha512-Wg5iKSUOER83/cfY6rbPa+o3ChnYzWwv1OcsR8gCV8SKi+sUPIMroildimlnb72DBkQxcbylxng1W7f0RIX7MQ==
  dependencies:
    "@sendgrid/client" "^8.1.3"
    "@sendgrid/helpers" "^8.0.0"

"@tinyhttp/accepts@2.2.3":
  version "2.2.3"
  resolved "https://registry.npmjs.org/@tinyhttp/accepts/-/accepts-2.2.3.tgz"
  integrity sha512-9pQN6pJAJOU3McmdJWTcyq7LLFW8Lj5q+DadyKcvp+sxMkEpktKX5sbfJgJuOvjk6+1xWl7pe0YL1US1vaO/1w==
  dependencies:
    mime "4.0.4"
    negotiator "^0.6.3"

"@tinyhttp/app@^2.4.0":
  version "2.4.0"
  resolved "https://registry.npmjs.org/@tinyhttp/app/-/app-2.4.0.tgz"
  integrity sha512-vOPiCemQRJq5twnl06dde6XnWiNbVMdVRFJWW/yC/9G0qgvV2TvzNNTxrdlz6YmyB7vIC7Fg3qS6m6gx8RbBNQ==
  dependencies:
    "@tinyhttp/cookie" "2.1.1"
    "@tinyhttp/proxy-addr" "2.2.0"
    "@tinyhttp/req" "2.2.4"
    "@tinyhttp/res" "2.2.4"
    "@tinyhttp/router" "2.2.3"
    header-range-parser "1.1.3"
    regexparam "^2.0.2"

"@tinyhttp/content-disposition@2.2.2":
  version "2.2.2"
  resolved "https://registry.npmjs.org/@tinyhttp/content-disposition/-/content-disposition-2.2.2.tgz"
  integrity sha512-crXw1txzrS36huQOyQGYFvhTeLeG0Si1xu+/l6kXUVYpE0TjFjEZRqTbuadQLfKGZ0jaI+jJoRyqaWwxOSHW2g==

"@tinyhttp/content-type@^0.1.4":
  version "0.1.4"
  resolved "https://registry.npmjs.org/@tinyhttp/content-type/-/content-type-0.1.4.tgz"
  integrity sha512-dl6f3SHIJPYbhsW1oXdrqOmLSQF/Ctlv3JnNfXAE22kIP7FosqJHxkz/qj2gv465prG8ODKH5KEyhBkvwrueKQ==

"@tinyhttp/cookie-signature@2.1.1":
  version "2.1.1"
  resolved "https://registry.npmjs.org/@tinyhttp/cookie-signature/-/cookie-signature-2.1.1.tgz"
  integrity sha512-VDsSMY5OJfQJIAtUgeQYhqMPSZptehFSfvEEtxr+4nldPA8IImlp3QVcOVuK985g4AFR4Hl1sCbWCXoqBnVWnw==

"@tinyhttp/cookie@2.1.1":
  version "2.1.1"
  resolved "https://registry.npmjs.org/@tinyhttp/cookie/-/cookie-2.1.1.tgz"
  integrity sha512-h/kL9jY0e0Dvad+/QU3efKZww0aTvZJslaHj3JTPmIPC9Oan9+kYqmh3M6L5JUQRuTJYFK2nzgL2iJtH2S+6dA==

"@tinyhttp/cors@^2.0.1":
  version "2.0.1"
  resolved "https://registry.npmjs.org/@tinyhttp/cors/-/cors-2.0.1.tgz"
  integrity sha512-qrmo6WJuaiCzKWagv2yA/kw6hIISfF/hOqPWwmI6w0o8apeTMmRN3DoCFvQ/wNVuWVdU5J4KU7OX8aaSOEq51A==
  dependencies:
    "@tinyhttp/vary" "^0.1.3"

"@tinyhttp/encode-url@2.1.1":
  version "2.1.1"
  resolved "https://registry.npmjs.org/@tinyhttp/encode-url/-/encode-url-2.1.1.tgz"
  integrity sha512-AhY+JqdZ56qV77tzrBm0qThXORbsVjs/IOPgGCS7x/wWnsa/Bx30zDUU/jPAUcSzNOzt860x9fhdGpzdqbUeUw==

"@tinyhttp/etag@2.1.2":
  version "2.1.2"
  resolved "https://registry.npmjs.org/@tinyhttp/etag/-/etag-2.1.2.tgz"
  integrity sha512-j80fPKimGqdmMh6962y+BtQsnYPVCzZfJw0HXjyH70VaJBHLKGF+iYhcKqzI3yef6QBNa8DKIPsbEYpuwApXTw==

"@tinyhttp/forwarded@2.1.1":
  version "2.1.1"
  resolved "https://registry.npmjs.org/@tinyhttp/forwarded/-/forwarded-2.1.1.tgz"
  integrity sha512-nO3kq0R1LRl2+CAMlnggm22zE6sT8gfvGbNvSitV6F9eaUSurHP0A8YZFMihSkugHxK+uIegh1TKrqgD8+lyGQ==

"@tinyhttp/logger@^2.0.0":
  version "2.0.0"
  resolved "https://registry.npmjs.org/@tinyhttp/logger/-/logger-2.0.0.tgz"
  integrity sha512-8DfLQjGDIaIJeivYamVrrpmwmsGwS8wt2DGvzlcY5HEBagdiI4QJy/veAFcUHuaJqufn4wLwmn4q5VUkW8BCpQ==
  dependencies:
    colorette "^2.0.20"
    dayjs "^1.11.10"
    http-status-emojis "^2.2.0"

"@tinyhttp/proxy-addr@2.2.0":
  version "2.2.0"
  resolved "https://registry.npmjs.org/@tinyhttp/proxy-addr/-/proxy-addr-2.2.0.tgz"
  integrity sha512-WM/PPL9xNvrs7/8Om5nhKbke5FHrP3EfjOOR+wBnjgESfibqn0K7wdUTnzSLp1lBmemr88os1XvzwymSgaibyA==
  dependencies:
    "@tinyhttp/forwarded" "2.1.1"
    ipaddr.js "^2.2.0"

"@tinyhttp/req@2.2.4":
  version "2.2.4"
  resolved "https://registry.npmjs.org/@tinyhttp/req/-/req-2.2.4.tgz"
  integrity sha512-lQAZIAo0NOeghxFOZS57tQzxpHSPPLs9T68Krq2BncEBImKwqaDKUt7M9Y5Kb+rvC/GwIL3LeErhkg7f5iG4IQ==
  dependencies:
    "@tinyhttp/accepts" "2.2.3"
    "@tinyhttp/type-is" "2.2.4"
    "@tinyhttp/url" "2.1.1"
    header-range-parser "^1.1.3"

"@tinyhttp/res@2.2.4":
  version "2.2.4"
  resolved "https://registry.npmjs.org/@tinyhttp/res/-/res-2.2.4.tgz"
  integrity sha512-ETBRShnO19oJyIg2XQHQoofXPWeTXPAuwnIVYkU8WaftvXd/Vz4y5+WFQDHUzKlmdGOw5fAFnrEU7pIVMeFeVA==
  dependencies:
    "@tinyhttp/content-disposition" "2.2.2"
    "@tinyhttp/cookie" "2.1.1"
    "@tinyhttp/cookie-signature" "2.1.1"
    "@tinyhttp/encode-url" "2.1.1"
    "@tinyhttp/req" "2.2.4"
    "@tinyhttp/send" "2.2.3"
    "@tinyhttp/vary" "^0.1.3"
    es-escape-html "^0.1.1"
    mime "4.0.4"

"@tinyhttp/router@2.2.3":
  version "2.2.3"
  resolved "https://registry.npmjs.org/@tinyhttp/router/-/router-2.2.3.tgz"
  integrity sha512-O0MQqWV3Vpg/uXsMYg19XsIgOhwjyhTYWh51Qng7bxqXixxx2PEvZWnFjP7c84K7kU/nUX41KpkEBTLnznk9/Q==

"@tinyhttp/send@2.2.3":
  version "2.2.3"
  resolved "https://registry.npmjs.org/@tinyhttp/send/-/send-2.2.3.tgz"
  integrity sha512-o4cVHHGQ8WjVBS8UT0EE/2WnjoybrfXikHwsRoNlG1pfrC/Sd01u1N4Te8cOd/9aNGLr4mGxWb5qTm2RRtEi7g==
  dependencies:
    "@tinyhttp/content-type" "^0.1.4"
    "@tinyhttp/etag" "2.1.2"
    mime "4.0.4"

"@tinyhttp/type-is@2.2.4":
  version "2.2.4"
  resolved "https://registry.npmjs.org/@tinyhttp/type-is/-/type-is-2.2.4.tgz"
  integrity sha512-7F328NheridwjIfefBB2j1PEcKKABpADgv7aCJaE8x8EON77ZFrAkI3Rir7pGjopV7V9MBmW88xUQigBEX2rmQ==
  dependencies:
    "@tinyhttp/content-type" "^0.1.4"
    mime "4.0.4"

"@tinyhttp/url@2.1.1":
  version "2.1.1"
  resolved "https://registry.npmjs.org/@tinyhttp/url/-/url-2.1.1.tgz"
  integrity sha512-POJeq2GQ5jI7Zrdmj22JqOijB5/GeX+LEX7DUdml1hUnGbJOTWDx7zf2b5cCERj7RoXL67zTgyzVblBJC+NJWg==

"@tinyhttp/vary@^0.1.3":
  version "0.1.3"
  resolved "https://registry.npmjs.org/@tinyhttp/vary/-/vary-0.1.3.tgz"
  integrity sha512-SoL83sQXAGiHN1jm2VwLUWQSQeDAAl1ywOm6T0b0Cg1CZhVsjoiZadmjhxF6FHCCY7OHHVaLnTgSMxTPIDLxMg==

"@types/stylis@4.2.5":
  version "4.2.5"
  resolved "https://registry.npmjs.org/@types/stylis/-/stylis-4.2.5.tgz"
  integrity sha512-1Xve+NMN7FWjY14vLoY5tL3BVEQ/n42YLwaqJIPYhotZ9uBHt87VceMwWQpzmdEt2TNXIorIFG+YeCUUW7RInw==

ansi-regex@^5.0.1:
  version "5.0.1"
  resolved "https://registry.npmjs.org/ansi-regex/-/ansi-regex-5.0.1.tgz"
  integrity sha512-quJQXlTSUGL2LH9SUXo8VwsY4soanhgo6LNSm84E1LBcE8s3O0wpdiRzyR9z/ZZJMlMWv37qOOb9pdJlMUEKFQ==

ansi-styles@^4.0.0, ansi-styles@^4.1.0:
  version "4.3.0"
  resolved "https://registry.npmjs.org/ansi-styles/-/ansi-styles-4.3.0.tgz"
  integrity sha512-zbB9rCJAT1rbjiVDb2hqKFHNYLxgtk8NURxZ3IZwD3F6NtxbXZQCnnSi1Lkx+IDohdPlFp222wVALIheZJQSEg==
  dependencies:
    color-convert "^2.0.1"

asynckit@^0.4.0:
  version "0.4.0"
  resolved "https://registry.npmjs.org/asynckit/-/asynckit-0.4.0.tgz"
  integrity sha512-Oei9OH4tRh0YqU3GxhX79dM/mwVgvbZJaSNaRk+bshkj0S5cfHcgYakreBjrHwatXKbz+IoIdYLxrKim2MjW0Q==

axios@^1.6.8:
  version "1.7.7"
  resolved "https://registry.npmjs.org/axios/-/axios-1.7.7.tgz"
  integrity sha512-S4kL7XrjgBmvdGut0sN3yJxqYzrDOnivkBiN0OFs6hLiUam3UPvswUo0kqGyhqUZGEOytHyumEdXsAkgCOUf3Q==
  dependencies:
    follow-redirects "^1.15.6"
    form-data "^4.0.0"
    proxy-from-env "^1.1.0"

camelize@^1.0.0:
  version "1.0.1"
  resolved "https://registry.npmjs.org/camelize/-/camelize-1.0.1.tgz"
  integrity sha512-dU+Tx2fsypxTgtLoE36npi3UqcjSSMNYfkqgmoEhtZrraP5VWq0K7FkWVTYa8eMPtnU/G2txVsfdCJTn9uzpuQ==

caniuse-lite@^1.0.30001283:
  version "1.0.30001320"
  resolved "https://registry.npmjs.org/caniuse-lite/-/caniuse-lite-1.0.30001320.tgz"
  integrity sha512-MWPzG54AGdo3nWx7zHZTefseM5Y1ccM7hlQKHRqJkPozUaw3hNbBTMmLn16GG2FUzjR13Cr3NPfhIieX5PzXDA==

chalk@^4.1.0:
  version "4.1.2"
  resolved "https://registry.npmjs.org/chalk/-/chalk-4.1.2.tgz"
  integrity sha512-oKnbhFyRIXpUuez8iBMmyEa4nbj4IOQyuhc/wy9kY7/WVPcwIO9VA668Pu8RkO7+0G76SLROeyw9CpQ061i4mA==
  dependencies:
    ansi-styles "^4.1.0"
    supports-color "^7.1.0"

chalk@^5.3.0:
  version "5.3.0"
  resolved "https://registry.npmjs.org/chalk/-/chalk-5.3.0.tgz"
  integrity sha512-dLitG79d+GV1Nb/VYcCDFivJeK1hiukt9QjRNVOsUtTy1rR1YJsmpGGTZ3qJos+uw7WmWF4wUwBd9jxjocFC2w==

chokidar@^4.0.1:
  version "4.0.1"
  resolved "https://registry.npmjs.org/chokidar/-/chokidar-4.0.1.tgz"
  integrity sha512-n8enUVCED/KVRQlab1hr3MVpcVMvxtZjmEa956u+4YijlmQED223XMSYj2tLuKvr4jcCTzNNMpQDUer72MMmzA==
  dependencies:
    readdirp "^4.0.1"

cliui@^8.0.1:
  version "8.0.1"
  resolved "https://registry.npmjs.org/cliui/-/cliui-8.0.1.tgz"
  integrity sha512-BSeNnyus75C4//NQ9gQt1/csTXyo/8Sb+afLAkzAptFuMsod9HFokGNudZpi/oQV73hnVK+sR+5PVRMd+Dr7YQ==
  dependencies:
    string-width "^4.2.0"
    strip-ansi "^6.0.1"
    wrap-ansi "^7.0.0"

clsx@^2.1.0:
  version "2.1.1"
  resolved "https://registry.npmjs.org/clsx/-/clsx-2.1.1.tgz"
  integrity sha512-eYm0QWBtUrBWZWG0d386OGAw16Z995PiOVo2B7bjWSbHedGl5e0ZWaq65kOGgUSNesEIDkB9ISbTg/JK9dhCZA==

color-convert@^2.0.1:
  version "2.0.1"
  resolved "https://registry.npmjs.org/color-convert/-/color-convert-2.0.1.tgz"
  integrity sha512-RRECPsj7iu/xb5oKYcsFHSppFNnsj/52OVTRKb4zP5onXwVF3zVmmToNcOfGC+CRDpfK/U584fMg38ZHCaElKQ==
  dependencies:
    color-name "~1.1.4"

color-name@~1.1.4:
  version "1.1.4"
  resolved "https://registry.npmjs.org/color-name/-/color-name-1.1.4.tgz"
  integrity sha512-dOy+3AuW3a2wNbZHIuMZpTcgjGuLU/uBL/ubcZF9OXbDo8ff4O8yVp5Bf0efS8uEoYo5q4Fx7dY9OgQGXgAsQA==

colorette@^2.0.20:
  version "2.0.20"
  resolved "https://registry.npmjs.org/colorette/-/colorette-2.0.20.tgz"
  integrity sha512-IfEDxwoWIjkeXL1eXcDiow4UbKjhLdq6/EuSVR9GMN7KVH3r9gQ83e73hsz1Nd1T3ijd5xv1wcWRYO+D6kCI2w==

combined-stream@^1.0.8:
  version "1.0.8"
  resolved "https://registry.npmjs.org/combined-stream/-/combined-stream-1.0.8.tgz"
  integrity sha512-FQN4MRfuJeHf7cBbBMJFXhKSDq+2kAArBlmRBvcvFE5BB1HZKXtSFASDhdlz9zOYwxh8lDdnvmMOe/+5cdoEdg==
  dependencies:
    delayed-stream "~1.0.0"

concurrently@^7.0.0:
  version "7.6.0"
  resolved "https://registry.npmjs.org/concurrently/-/concurrently-7.6.0.tgz"
  integrity sha512-BKtRgvcJGeZ4XttiDiNcFiRlxoAeZOseqUvyYRUp/Vtd+9p1ULmeoSqGsDA+2ivdeDFpqrJvGvmI+StKfKl5hw==
  dependencies:
    chalk "^4.1.0"
    date-fns "^2.29.1"
    lodash "^4.17.21"
    rxjs "^7.0.0"
    shell-quote "^1.7.3"
    spawn-command "^0.0.2-1"
    supports-color "^8.1.0"
    tree-kill "^1.2.2"
    yargs "^17.3.1"

css-color-keywords@^1.0.0:
  version "1.0.0"
  resolved "https://registry.npmjs.org/css-color-keywords/-/css-color-keywords-1.0.0.tgz"
  integrity sha512-FyyrDHZKEjXDpNJYvVsV960FiqQyXc/LlYmsxl2BcdMb2WPx0OGRVgTg55rPSyLSNMqP52R9r8geSp7apN3Ofg==

css-to-react-native@3.2.0:
  version "3.2.0"
  resolved "https://registry.npmjs.org/css-to-react-native/-/css-to-react-native-3.2.0.tgz"
  integrity sha512-e8RKaLXMOFii+02mOlqwjbD00KSEKqblnpO9e++1aXS1fPQOpS1YoqdVHBqPjHNoxeF2mimzVqawm2KCbEdtHQ==
  dependencies:
    camelize "^1.0.0"
    css-color-keywords "^1.0.0"
    postcss-value-parser "^4.0.2"

csstype@3.1.3:
  version "3.1.3"
  resolved "https://registry.npmjs.org/csstype/-/csstype-3.1.3.tgz"
  integrity sha512-M1uQkMl8rQK/szD0LNhtqxIPLpimGm8sOBwU7lLnCpSbTyY3yeU1Vc7l4KT5zT4s/yOxHH5O7tIuuLOCnLADRw==

date-fns@^2.29.1:
  version "2.30.0"
  resolved "https://registry.npmjs.org/date-fns/-/date-fns-2.30.0.tgz"
  integrity sha512-fnULvOpxnC5/Vg3NCiWelDsLiUc9bRwAPs/+LfTLNvetFCtCTN+yQz15C/fs4AwX1R9K5GLtLfn8QW+dWisaAw==
  dependencies:
    "@babel/runtime" "^7.21.0"

dayjs@^1.11.10:
  version "1.11.13"
  resolved "https://registry.npmjs.org/dayjs/-/dayjs-1.11.13.tgz"
  integrity sha512-oaMBel6gjolK862uaPQOVTA7q3TZhuSvuMQAAglQDOWYO9A91IrAOUJEyKVlqJlHE0vq5p5UXxzdPfMH/x6xNg==

deepmerge@^4.2.2:
  version "4.3.1"
  resolved "https://registry.npmjs.org/deepmerge/-/deepmerge-4.3.1.tgz"
  integrity sha512-3sUqbMEc77XqpdNO7FRyRog+eW3ph+GYCbj+rK+uYyRMuwsVy0rMiVtPn+QJlKFvWP/1PYpapqYn0Me2knFn+A==

delayed-stream@~1.0.0:
  version "1.0.0"
  resolved "https://registry.npmjs.org/delayed-stream/-/delayed-stream-1.0.0.tgz"
  integrity sha512-ZySD7Nf91aLB0RxL4KGrKHBXl7Eds1DAmEdcoVawXnLD7SDhpNgtuII2aAkg7a7QS41jxPSZ17p4VdGnMHk3MQ==

dot-prop@^9.0.0:
  version "9.0.0"
  resolved "https://registry.npmjs.org/dot-prop/-/dot-prop-9.0.0.tgz"
  integrity sha512-1gxPBJpI/pcjQhKgIU91II6Wkay+dLcN3M6rf2uwP8hRur3HtQXjVrdAK3sjC0piaEuxzMwjXChcETiJl47lAQ==
  dependencies:
    type-fest "^4.18.2"

dotenv@^16.4.5:
  version "16.4.5"
  resolved "https://registry.npmjs.org/dotenv/-/dotenv-16.4.5.tgz"
  integrity sha512-ZmdL2rui+eB2YwhsWzjInR8LldtZHGDoQ1ugH85ppHKwpUHL7j7rN0Ti9NCnGiQbhaZ11FpR+7ao1dNsmduNUg==

emoji-regex@^8.0.0:
  version "8.0.0"
  resolved "https://registry.npmjs.org/emoji-regex/-/emoji-regex-8.0.0.tgz"
  integrity sha512-MSjYzcWNOA0ewAHpz0MxpYFvwg6yjy1NG3xteoqz644VCo/RPgnr1/GGt+ic3iJTzQ8Eu3TdM14SawnVUmGE6A==

es-escape-html@^0.1.1:
  version "0.1.1"
  resolved "https://registry.npmjs.org/es-escape-html/-/es-escape-html-0.1.1.tgz"
  integrity sha512-yUx1o+8RsG7UlszmYPtks+dm6Lho2m8lgHMOsLJQsFI0R8XwUJwiMhM1M4E/S8QLeGyf6MkDV/pWgjQ0tdTSyQ==

escalade@^3.1.1:
  version "3.2.0"
  resolved "https://registry.npmjs.org/escalade/-/escalade-3.2.0.tgz"
  integrity sha512-WUj2qlxaQtO4g6Pq5c29GTcWGDyd8itL8zTlipgECz3JesAiiOKotd8JU6otB3PACgG6xkJUyVhboMS+bje/jA==

eta@^3.5.0:
  version "3.5.0"
  resolved "https://registry.npmjs.org/eta/-/eta-3.5.0.tgz"
  integrity sha512-e3x3FBvGzeCIHhF+zhK8FZA2vC5uFn6b4HJjegUbIWrDb4mJ7JjTGMJY9VGIbRVpmSwHopNiaJibhjIr+HfLug==

follow-redirects@^1.15.6:
  version "1.15.9"
  resolved "https://registry.npmjs.org/follow-redirects/-/follow-redirects-1.15.9.tgz"
  integrity sha512-gew4GsXizNgdoRyqmyfMHyAmXsZDk6mHkSxZFCzW9gwlbtOW44CDtYavM+y+72qD/Vq2l550kMF52DT8fOLJqQ==

form-data@^4.0.0:
  version "4.0.1"
  resolved "https://registry.npmjs.org/form-data/-/form-data-4.0.1.tgz"
  integrity sha512-tzN8e4TX8+kkxGPK8D5u0FNmjPUjw3lwC9lSLxxoB/+GtsJG91CO8bSWy73APlgAZzZbXEYZJuxjkHH2w+Ezhw==
  dependencies:
    asynckit "^0.4.0"
    combined-stream "^1.0.8"
    mime-types "^2.1.12"

get-caller-file@^2.0.5:
  version "2.0.5"
  resolved "https://registry.npmjs.org/get-caller-file/-/get-caller-file-2.0.5.tgz"
  integrity sha512-DyFP3BM/3YHTQOCUL/w0OZHR0lpKeGrxotcHWcqNEdnltqFwXVfhEBQ94eIo34AfQpo0rGki4cyIiftY06h2Fg==

has-flag@^4.0.0:
  version "4.0.0"
  resolved "https://registry.npmjs.org/has-flag/-/has-flag-4.0.0.tgz"
  integrity sha512-EykJT/Q1KjTWctppgIAgfSO0tKVuZUjhgMr17kqTumMl6Afv3EISleU7qZUzoXDFTAHTDC4NOoG/ZxU3EvlMPQ==

header-range-parser@^1.1.3, header-range-parser@1.1.3:
  version "1.1.3"
  resolved "https://registry.npmjs.org/header-range-parser/-/header-range-parser-1.1.3.tgz"
  integrity sha512-B9zCFt3jH8g09LR1vHL4pcAn8yMEtlSlOUdQemzHMRKMImNIhhszdeosYFfNW0WXKQtXIlWB+O4owHJKvEJYaA==

http-status-emojis@^2.2.0:
  version "2.2.0"
  resolved "https://registry.npmjs.org/http-status-emojis/-/http-status-emojis-2.2.0.tgz"
  integrity sha512-ompKtgwpx8ff0hsbpIB7oE4ax1LXoHmftsHHStMELX56ivG3GhofTX8ZHWlUaFKfGjcGjw6G3rPk7dJRXMmbbg==

inflection@^3.0.0:
  version "3.0.0"
  resolved "https://registry.npmjs.org/inflection/-/inflection-3.0.0.tgz"
  integrity sha512-1zEJU1l19SgJlmwqsEyFTbScw/tkMHFenUo//Y0i+XEP83gDFdMvPizAD/WGcE+l1ku12PcTVHQhO6g5E0UCMw==

ipaddr.js@^2.2.0:
  version "2.2.0"
  resolved "https://registry.npmjs.org/ipaddr.js/-/ipaddr.js-2.2.0.tgz"
  integrity sha512-Ag3wB2o37wslZS19hZqorUnrnzSkpOVy+IiiDEiTqNubEYpYuHWIf6K4psgN2ZWKExS4xhVCrRVfb/wfW8fWJA==

is-fullwidth-code-point@^3.0.0:
  version "3.0.0"
  resolved "https://registry.npmjs.org/is-fullwidth-code-point/-/is-fullwidth-code-point-3.0.0.tgz"
  integrity sha512-zymm5+u+sCsSWyD9qNaejV3DFvhCKclKdizYaJUuHA83RLjb7nSuGnddCHGv0hk+KY7BMAlsWeK4Ueg6EV6XQg==

"js-tokens@^3.0.0 || ^4.0.0":
  version "4.0.0"
  resolved "https://registry.npmjs.org/js-tokens/-/js-tokens-4.0.0.tgz"
  integrity sha512-RdJUflcE3cUzKiMqQgsCu06FPu9UdIJO0beYbPhHN4k6apgJtifcoCtT9bcxOpYBtpD2kCM6Sbzg4CausW/PKQ==

json-server@^1.0.0-beta.3:
  version "1.0.0-beta.3"
  resolved "https://registry.npmjs.org/json-server/-/json-server-1.0.0-beta.3.tgz"
  integrity sha512-DwE69Ep5ccwIJZBUIWEENC30Yj8bwr4Ax9W9VoIWAYnB8Sj4ReptscO8/DRHv/nXwVlmb3Bk73Ls86+VZdYkkA==
  dependencies:
    "@tinyhttp/app" "^2.4.0"
    "@tinyhttp/cors" "^2.0.1"
    "@tinyhttp/logger" "^2.0.0"
    chalk "^5.3.0"
    chokidar "^4.0.1"
    dot-prop "^9.0.0"
    eta "^3.5.0"
    inflection "^3.0.0"
    json5 "^2.2.3"
    lowdb "^7.0.1"
    milliparsec "^4.0.0"
    sirv "^2.0.4"
    sort-on "^6.1.0"

json5@^2.2.3:
  version "2.2.3"
  resolved "https://registry.npmjs.org/json5/-/json5-2.2.3.tgz"
  integrity sha512-XmOWe7eyHYH14cLdVPoyg+GOH3rYX++KpzrylJwSW98t3Nk+U8XOl8FWKOgwtzdb8lXGf6zYwDUzeHMWfxasyg==

lodash@^4.17.21:
  version "4.17.21"
  resolved "https://registry.npmjs.org/lodash/-/lodash-4.17.21.tgz"
  integrity sha512-v2kDEe57lecTulaDIuNTPy3Ry4gLGJ6Z1O3vE1krgXZNrsQ+LFTGHVxVjcXPs17LhbZVGedAJv8XZ1tvj5FvSg==

loose-envify@^1.1.0:
  version "1.4.0"
  resolved "https://registry.npmjs.org/loose-envify/-/loose-envify-1.4.0.tgz"
  integrity sha512-lyuxPGr/Wfhrlem2CL/UcnUc1zcqKAImBDzukY7Y5F/yQiNdko6+fRLevlw1HgMySw7f611UIY408EtxRSoK3Q==
  dependencies:
    js-tokens "^3.0.0 || ^4.0.0"

lowdb@^7.0.1:
  version "7.0.1"
  resolved "https://registry.npmjs.org/lowdb/-/lowdb-7.0.1.tgz"
  integrity sha512-neJAj8GwF0e8EpycYIDFqEPcx9Qz4GUho20jWFR7YiFeXzF1YMLdxB36PypcTSPMA+4+LvgyMacYhlr18Zlymw==
  dependencies:
    steno "^4.0.2"

milliparsec@^4.0.0:
  version "4.0.0"
  resolved "https://registry.npmjs.org/milliparsec/-/milliparsec-4.0.0.tgz"
  integrity sha512-/wk9d4Z6/9ZvoEH/6BI4TrTCgmkpZPuSRN/6fI9aUHOfXdNTuj/VhLS7d+NqG26bi6L9YmGXutVYvWC8zQ0qtA==

mime-db@1.52.0:
  version "1.52.0"
  resolved "https://registry.npmjs.org/mime-db/-/mime-db-1.52.0.tgz"
  integrity sha512-sPU4uV7dYlvtWJxwwxHD0PuihVNiE7TyAbQ5SWxDCB9mUYvOgroQOwYQQOKPJ8CIbE+1ETVlOoK1UC2nU3gYvg==

mime-types@^2.1.12:
  version "2.1.35"
  resolved "https://registry.npmjs.org/mime-types/-/mime-types-2.1.35.tgz"
  integrity sha512-ZDY+bPm5zTTF+YpCrAU9nK0UgICYPT0QtT1NZWFv4s++TNkcgVaT0g6+4R2uI4MjQjzysHB1zxuWL50hzaeXiw==
  dependencies:
    mime-db "1.52.0"

mime@4.0.4:
  version "4.0.4"
  resolved "https://registry.npmjs.org/mime/-/mime-4.0.4.tgz"
  integrity sha512-v8yqInVjhXyqP6+Kw4fV3ZzeMRqEW6FotRsKXjRS5VMTNIuXsdRoAvklpoRgSqXm6o9VNH4/C0mgedko9DdLsQ==

mrmime@^2.0.0:
  version "2.0.0"
  resolved "https://registry.npmjs.org/mrmime/-/mrmime-2.0.0.tgz"
  integrity sha512-eu38+hdgojoyq63s+yTpN4XMBdt5l8HhMhc4VKLO9KM5caLIBvUm4thi7fFaxyTmCKeNnXZ5pAlBwCUnhA09uw==

nanoid@^3.1.30, nanoid@^3.3.7:
  version "3.3.7"
  resolved "https://registry.npmjs.org/nanoid/-/nanoid-3.3.7.tgz"
  integrity sha512-eSRppjcPIatRIMC1U6UngP8XFcz8MQWGQdt1MTBQ7NaAmvXDfvNxbvWV3x2y6CdEUciCSsDHDQZbhYaB8QEo2g==

negotiator@^0.6.3:
  version "0.6.3"
  resolved "https://registry.npmjs.org/negotiator/-/negotiator-0.6.3.tgz"
  integrity sha512-+EUsqGPLsM+j/zdChZjsnX51g4XrHFOIXwfnCVPGlQk/k5giakcKsuxCObBRu6DSm9opw/O6slWbJdghQM4bBg==

next@^12.1.0:
  version "12.1.0"
  resolved "https://registry.npmjs.org/next/-/next-12.1.0.tgz"
  integrity sha512-s885kWvnIlxsUFHq9UGyIyLiuD0G3BUC/xrH0CEnH5lHEWkwQcHOORgbDF0hbrW9vr/7am4ETfX4A7M6DjrE7Q==
  dependencies:
    "@next/env" "12.1.0"
    caniuse-lite "^1.0.30001283"
    postcss "8.4.5"
    styled-jsx "5.0.0"
    use-subscription "1.5.1"
  optionalDependencies:
    "@next/swc-android-arm64" "12.1.0"
    "@next/swc-darwin-arm64" "12.1.0"
    "@next/swc-darwin-x64" "12.1.0"
    "@next/swc-linux-arm-gnueabihf" "12.1.0"
    "@next/swc-linux-arm64-gnu" "12.1.0"
    "@next/swc-linux-arm64-musl" "12.1.0"
    "@next/swc-linux-x64-gnu" "12.1.0"
    "@next/swc-linux-x64-musl" "12.1.0"
    "@next/swc-win32-arm64-msvc" "12.1.0"
    "@next/swc-win32-ia32-msvc" "12.1.0"
    "@next/swc-win32-x64-msvc" "12.1.0"

object-assign@^4.1.1:
  version "4.1.1"
  resolved "https://registry.npmjs.org/object-assign/-/object-assign-4.1.1.tgz"
  integrity sha512-rJgTQnkUnH1sFw8yT6VSU3zD3sWmu6sZhIseY8VX+GRu3P6F7Fu+JNDoXfklElbLJSnc3FUQHVe4cU5hj+BcUg==

picocolors@^1.0.0:
  version "1.0.0"
  resolved "https://registry.npmjs.org/picocolors/-/picocolors-1.0.0.tgz"
  integrity sha512-1fygroTLlHu66zi26VoTDv8yRgm0Fccecssto+MhsZ0D/DGW2sm8E8AjW7NU5VVTRt5GxbeZ5qBuJr+HyLYkjQ==

postcss-value-parser@^4.0.2:
  version "4.2.0"
  resolved "https://registry.npmjs.org/postcss-value-parser/-/postcss-value-parser-4.2.0.tgz"
  integrity sha512-1NNCs6uurfkVbeXG4S8JFT9t19m45ICnif8zWLd5oPSZ50QnwMfK+H3jv408d4jw/7Bttv5axS5IiHoLaVNHeQ==

postcss@8.4.38:
  version "8.4.38"
  resolved "https://registry.npmjs.org/postcss/-/postcss-8.4.38.tgz"
  integrity sha512-Wglpdk03BSfXkHoQa3b/oulrotAkwrlLDRSOb9D0bN86FdRyE9lppSp33aHNPgBa0JKCoB+drFLZkQoRRYae5A==
  dependencies:
    nanoid "^3.3.7"
    picocolors "^1.0.0"
    source-map-js "^1.2.0"

postcss@8.4.5:
  version "8.4.5"
  resolved "https://registry.npmjs.org/postcss/-/postcss-8.4.5.tgz"
  integrity sha512-jBDboWM8qpaqwkMwItqTQTiFikhs/67OYVvblFFTM7MrZjt6yMKd6r2kgXizEbTTljacm4NldIlZnhbjr84QYg==
  dependencies:
    nanoid "^3.1.30"
    picocolors "^1.0.0"
    source-map-js "^1.0.1"

proxy-from-env@^1.1.0:
  version "1.1.0"
  resolved "https://registry.npmjs.org/proxy-from-env/-/proxy-from-env-1.1.0.tgz"
  integrity sha512-D+zkORCbA9f1tdWRK0RaCR3GPv50cMxcrz4X8k5LTSUD1Dkw47mKJEZQNunItRTkWwgtaUSo1RVFRIG9ZXiFYg==

"react-dom@^17.0.2 || ^18.0.0-0", react-dom@^18.3.1, "react-dom@>= 16.8.0", react-dom@>=18:
  version "18.3.1"
  resolved "https://registry.npmjs.org/react-dom/-/react-dom-18.3.1.tgz"
  integrity sha512-5m4nQKp+rZRb09LNH59GM4BxTh9251/ylbKIbpe7TpGxfJ+9kv6BLkLBXIjjspbgbnIBNqlI23tRnTWT0snUIw==
  dependencies:
    loose-envify "^1.1.0"
    scheduler "^0.23.2"

react-toastify@^10.0.5:
  version "10.0.5"
  resolved "https://registry.npmjs.org/react-toastify/-/react-toastify-10.0.5.tgz"
  integrity sha512-mNKt2jBXJg4O7pSdbNUfDdTsK9FIdikfsIE/yUCxbAEXl4HMyJaivrVFcn3Elvt5xvCQYhUZm+hqTIu1UXM3Pw==
  dependencies:
    clsx "^2.1.0"

"react@^16.8.0 || ^17.0.0", "react@^17.0.2 || ^18.0.0-0", react@^18.3.1, "react@>= 16.8.0", "react@>= 16.8.0 || 17.x.x || 18.x.x", react@>=18:
  version "18.3.1"
  resolved "https://registry.npmjs.org/react/-/react-18.3.1.tgz"
  integrity sha512-wS+hAgJShR0KhEvPJArfuPVN1+Hz1t0Y6n5jLrGQbkb4urgPE/0Rve+1kMB1v/oWgHgm4WIcV+i7F2pTVj+2iQ==
  dependencies:
    loose-envify "^1.1.0"

readdirp@^4.0.1:
  version "4.0.2"
  resolved "https://registry.npmjs.org/readdirp/-/readdirp-4.0.2.tgz"
  integrity sha512-yDMz9g+VaZkqBYS/ozoBJwaBhTbZo3UNYQHNRw1D3UFQB8oHB4uS/tAODO+ZLjGWmUbKnIlOWO+aaIiAxrUWHA==

regenerator-runtime@^0.14.0:
  version "0.14.1"
  resolved "https://registry.npmjs.org/regenerator-runtime/-/regenerator-runtime-0.14.1.tgz"
  integrity sha512-dYnhHh0nJoMfnkZs6GmmhFknAGRrLznOu5nc9ML+EJxGvrx6H7teuevqVqCuPcPK//3eDrrjQhehXVx9cnkGdw==

regexparam@^2.0.2:
  version "2.0.2"
  resolved "https://registry.npmjs.org/regexparam/-/regexparam-2.0.2.tgz"
  integrity sha512-A1PeDEYMrkLrfyOwv2jwihXbo9qxdGD3atBYQA9JJgreAx8/7rC6IUkWOw2NQlOxLp2wL0ifQbh1HuidDfYA6w==

require-directory@^2.1.1:
  version "2.1.1"
  resolved "https://registry.npmjs.org/require-directory/-/require-directory-2.1.1.tgz"
  integrity sha512-fGxEI7+wsG9xrvdjsrlmL22OMTTiHRwAMroiEeMgq8gzoLC/PQr7RsRDSTLUg/bZAZtF+TVIkHc6/4RIKrui+Q==

rxjs@^7.0.0:
  version "7.8.1"
  resolved "https://registry.npmjs.org/rxjs/-/rxjs-7.8.1.tgz"
  integrity sha512-AA3TVj+0A2iuIoQkWEK/tqFjBq2j+6PO6Y0zJcvzLAFhEFIO3HL0vls9hWLncZbAAbK0mar7oZ4V079I/qPMxg==
  dependencies:
    tslib "^2.1.0"

scheduler@^0.23.2:
  version "0.23.2"
  resolved "https://registry.npmjs.org/scheduler/-/scheduler-0.23.2.tgz"
  integrity sha512-UOShsPwz7NrMUqhR6t0hWjFduvOzbtv7toDH1/hIrfRNIDBnnBWd0CwJTGvTpngVlmwGCdP9/Zl/tVrDqcuYzQ==
  dependencies:
    loose-envify "^1.1.0"

shallowequal@1.1.0:
  version "1.1.0"
  resolved "https://registry.npmjs.org/shallowequal/-/shallowequal-1.1.0.tgz"
  integrity sha512-y0m1JoUZSlPAjXVtPPW70aZWfIL/dSP7AFkRnniLCrK/8MDKog3TySTBmckD+RObVxH0v4Tox67+F14PdED2oQ==

shell-quote@^1.7.3:
  version "1.8.1"
  resolved "https://registry.npmjs.org/shell-quote/-/shell-quote-1.8.1.tgz"
  integrity sha512-6j1W9l1iAs/4xYBI1SYOVZyFcCis9b4KCLQ8fgAGG07QvzaRLVVRQvAy85yNmmZSjYjg4MWh4gNvlPujU/5LpA==

sirv@^2.0.4:
  version "2.0.4"
  resolved "https://registry.npmjs.org/sirv/-/sirv-2.0.4.tgz"
  integrity sha512-94Bdh3cC2PKrbgSOUqTiGPWVZeSiXfKOVZNJniWoqrWrRkB1CJzBU3NEbiTsPcYy1lDsANA/THzS+9WBiy5nfQ==
  dependencies:
    "@polka/url" "^1.0.0-next.24"
    mrmime "^2.0.0"
    totalist "^3.0.0"

sort-on@^6.1.0:
  version "6.1.0"
  resolved "https://registry.npmjs.org/sort-on/-/sort-on-6.1.0.tgz"
  integrity sha512-WTECP0nYNWO1n2g5bpsV0yZN9cBmZsF8ThHFbOqVN0HBFRoaQZLLEMvMmJlKHNPYQeVngeI5+jJzIfFqOIo1OA==
  dependencies:
    dot-prop "^9.0.0"

source-map-js@^1.0.1, source-map-js@^1.2.0:
  version "1.2.1"
  resolved "https://registry.npmjs.org/source-map-js/-/source-map-js-1.2.1.tgz"
  integrity sha512-UXWMKhLOwVKb728IUtQPXxfYU+usdybtUrK/8uGE8CQMvrhOpwvzDBwj0QhSL7MQc7vIsISBG8VQ8+IDQxpfQA==

spawn-command@^0.0.2-1:
  version "0.0.2"
  resolved "https://registry.npmjs.org/spawn-command/-/spawn-command-0.0.2.tgz"
  integrity sha512-zC8zGoGkmc8J9ndvml8Xksr1Amk9qBujgbF0JAIWO7kXr43w0h/0GJNM/Vustixu+YE8N/MTrQ7N31FvHUACxQ==

steno@^4.0.2:
  version "4.0.2"
  resolved "https://registry.npmjs.org/steno/-/steno-4.0.2.tgz"
  integrity sha512-yhPIQXjrlt1xv7dyPQg2P17URmXbuM5pdGkpiMB3RenprfiBlvK415Lctfe0eshk90oA7/tNq7WEiMK8RSP39A==

string-width@^4.1.0, string-width@^4.2.0, string-width@^4.2.3:
  version "4.2.3"
  resolved "https://registry.npmjs.org/string-width/-/string-width-4.2.3.tgz"
  integrity sha512-wKyQRQpjJ0sIp62ErSZdGsjMJWsap5oRNihHhu6G7JVO/9jIB6UyevL+tXuOqrng8j/cxKTWyWUwvSTriiZz/g==
  dependencies:
    emoji-regex "^8.0.0"
    is-fullwidth-code-point "^3.0.0"
    strip-ansi "^6.0.1"

strip-ansi@^6.0.0, strip-ansi@^6.0.1:
  version "6.0.1"
  resolved "https://registry.npmjs.org/strip-ansi/-/strip-ansi-6.0.1.tgz"
  integrity sha512-Y38VPSHcqkFrCpFnQ9vuSXmquuv5oXOKpGeT6aGrr3o3Gc9AlVa6JBfUSOCnbxGGZF+/0ooI7KrPuUSztUdU5A==
  dependencies:
    ansi-regex "^5.0.1"

styled-components@^6.1.13:
  version "6.1.13"
  resolved "https://registry.npmjs.org/styled-components/-/styled-components-6.1.13.tgz"
  integrity sha512-M0+N2xSnAtwcVAQeFEsGWFFxXDftHUD7XrKla06QbpUMmbmtFBMMTcKWvFXtWxuD5qQkB8iU5gk6QASlx2ZRMw==
  dependencies:
    "@emotion/is-prop-valid" "1.2.2"
    "@emotion/unitless" "0.8.1"
    "@types/stylis" "4.2.5"
    css-to-react-native "3.2.0"
    csstype "3.1.3"
    postcss "8.4.38"
    shallowequal "1.1.0"
    stylis "4.3.2"
    tslib "2.6.2"

styled-jsx@5.0.0:
  version "5.0.0"
  resolved "https://registry.npmjs.org/styled-jsx/-/styled-jsx-5.0.0.tgz"
  integrity sha512-qUqsWoBquEdERe10EW8vLp3jT25s/ssG1/qX5gZ4wu15OZpmSMFI2v+fWlRhLfykA5rFtlJ1ME8A8pm/peV4WA==

stylis@4.3.2:
  version "4.3.2"
  resolved "https://registry.npmjs.org/stylis/-/stylis-4.3.2.tgz"
  integrity sha512-bhtUjWd/z6ltJiQwg0dUfxEJ+W+jdqQd8TbWLWyeIJHlnsqmGLRFFd8e5mA0AZi/zx90smXRlN66YMTcaSFifg==

supports-color@^7.1.0:
  version "7.2.0"
  resolved "https://registry.npmjs.org/supports-color/-/supports-color-7.2.0.tgz"
  integrity sha512-qpCAvRl9stuOHveKsn7HncJRvv501qIacKzQlO/+Lwxc9+0q2wLyv4Dfvt80/DPn2pqOBsJdDiogXGR9+OvwRw==
  dependencies:
    has-flag "^4.0.0"

supports-color@^8.1.0:
  version "8.1.1"
  resolved "https://registry.npmjs.org/supports-color/-/supports-color-8.1.1.tgz"
  integrity sha512-MpUEN2OodtUzxvKQl72cUF7RQ5EiHsGvSsVG0ia9c5RbWGL2CI4C7EpPS8UTBIplnlzZiNuV56w+FuNxy3ty2Q==
  dependencies:
    has-flag "^4.0.0"

totalist@^3.0.0:
  version "3.0.1"
  resolved "https://registry.npmjs.org/totalist/-/totalist-3.0.1.tgz"
  integrity sha512-sf4i37nQ2LBx4m3wB74y+ubopq6W/dIzXg0FDGjsYnZHVa1Da8FH853wlL2gtUhg+xJXjfk3kUZS3BRoQeoQBQ==

tree-kill@^1.2.2:
  version "1.2.2"
  resolved "https://registry.npmjs.org/tree-kill/-/tree-kill-1.2.2.tgz"
  integrity sha512-L0Orpi8qGpRG//Nd+H90vFB+3iHnue1zSSGmNOOCh1GLJ7rUKVwV2HvijphGQS2UmhUZewS9VgvxYIdgr+fG1A==

tslib@^2.1.0, tslib@2.6.2:
  version "2.6.2"
  resolved "https://registry.npmjs.org/tslib/-/tslib-2.6.2.tgz"
  integrity sha512-AEYxH93jGFPn/a2iVAwW87VuUIkR1FVUKB77NwMF7nBTDkDrrT/Hpt/IrCJ0QXhW27jTBDcf5ZY7w6RiqTMw2Q==

type-fest@^4.18.2:
  version "4.26.1"
  resolved "https://registry.npmjs.org/type-fest/-/type-fest-4.26.1.tgz"
  integrity sha512-yOGpmOAL7CkKe/91I5O3gPICmJNLJ1G4zFYVAsRHg7M64biSnPtRj0WNQt++bRkjYOqjWXrhnUw1utzmVErAdg==

use-subscription@1.5.1:
  version "1.5.1"
  resolved "https://registry.npmjs.org/use-subscription/-/use-subscription-1.5.1.tgz"
  integrity sha512-Xv2a1P/yReAjAbhylMfFplFKj9GssgTwN7RlcTxBujFQcloStWNDQdc4g4NRWH9xS4i/FDk04vQBptAXoF3VcA==
  dependencies:
    object-assign "^4.1.1"

wrap-ansi@^7.0.0:
  version "7.0.0"
  resolved "https://registry.npmjs.org/wrap-ansi/-/wrap-ansi-7.0.0.tgz"
  integrity sha512-YVGIj2kamLSTxw6NsZjoBxfSwsn0ycdesmc4p+Q21c5zPuZ1pl+NfxVdxPtdHvmNVOQ6XSYG4AUtyt/Fi7D16Q==
  dependencies:
    ansi-styles "^4.0.0"
    string-width "^4.1.0"
    strip-ansi "^6.0.0"

y18n@^5.0.5:
  version "5.0.8"
  resolved "https://registry.npmjs.org/y18n/-/y18n-5.0.8.tgz"
  integrity sha512-0pfFzegeDWJHJIAmTLRP2DwHjdF5s7jo9tuztdQxAhINCdvS+3nGINqPd00AphqJR/0LhANUS6/+7SCb98YOfA==

yargs-parser@^21.1.1:
  version "21.1.1"
  resolved "https://registry.npmjs.org/yargs-parser/-/yargs-parser-21.1.1.tgz"
  integrity sha512-tVpsJW7DdjecAiFpbIB1e3qxIQsE6NoPc5/eTdrbbIC4h0LVsWhnoa3g+m2HclBIujHzsxZ4VJVA+GUuc2/LBw==

yargs@^17.3.1:
  version "17.7.2"
  resolved "https://registry.npmjs.org/yargs/-/yargs-17.7.2.tgz"
  integrity sha512-7dSzzRQ++CKnNI/krKnYRV7JKKPUXMEh61soaHKg9mrWEhzFWhFnxPxGl+69cD1Ou63C13NUPCnmIcrvqCuM6w==
  dependencies:
    cliui "^8.0.1"
    escalade "^3.1.1"
    get-caller-file "^2.0.5"
    require-directory "^2.1.1"
    string-width "^4.2.3"
    y18n "^5.0.5"
    yargs-parser "^21.1.1"
